
Microsoft Visual Studio Solution File, Format Version 12.00
# Visual Studio 14
VisualStudioVersion = 14.0.22823.1
MinimumVisualStudioVersion = 10.0.40219.1
Project("{8BC9CEB8-8B4A-11D0-8D11-00A0C91BC942}") = "dove_inter", "dove_inter\dove_inter.vcxproj", "{9CCED3C2-09E8-4C07-B108-AF8068F1BCBB}"
EndProject
Project("{E24C65DC-7377-472B-9ABA-BC803B73C61A}") = "dove_web", "..\dove_web\", "{AC224A42-864A-4D8A-A38D-0B75CC749805}"
	ProjectSection(WebsiteProperties) = preProject
		TargetFrameworkMoniker = ".NETFramework,Version%3Dv4.6"
		Debug.AspNetCompiler.VirtualPath = "/localhost_57077"
		Debug.AspNetCompiler.PhysicalPath = "..\dove_web\"
		Debug.AspNetCompiler.TargetPath = "PrecompiledWeb\localhost_57077\"
		Debug.AspNetCompiler.Updateable = "true"
		Debug.AspNetCompiler.ForceOverwrite = "true"
		Debug.AspNetCompiler.FixedNames = "false"
		Debug.AspNetCompiler.Debug = "True"
		Release.AspNetCompiler.VirtualPath = "/localhost_57077"
		Release.AspNetCompiler.PhysicalPath = "..\dove_web\"
		Release.AspNetCompiler.TargetPath = "PrecompiledWeb\localhost_57077\"
		Release.AspNetCompiler.Updateable = "true"
		Release.AspNetCompiler.ForceOverwrite = "true"
		Release.AspNetCompiler.FixedNames = "false"
		Release.AspNetCompiler.Debug = "False"
		VWDPort = "57077"
		SlnRelativePath = "..\dove_web\"
		DefaultWebSiteLanguage = "Visual C#"
	EndProjectSection
EndProject
Project("{8BC9CEB8-8B4A-11D0-8D11-00A0C91BC942}") = "dove_comp", "dove_comp\dove_comp.vcxproj", "{52F0C339-619C-4316-BC10-E8B0F2AAC74F}"
EndProject
Project("{8BC9CEB8-8B4A-11D0-8D11-00A0C91BC942}") = "dove_launcher", "dove_launcher\dove_launcher.vcxproj", "{1F3A3B17-69EF-4380-9787-A73434EA913A}"
EndProject
Project("{8BC9CEB8-8B4A-11D0-8D11-00A0C91BC942}") = "dove_env", "dove_env\dove_env.vcxproj", "{E3A268C0-598C-49BF-95AB-02042AEC3C78}"
EndProject
Project("{8BC9CEB8-8B4A-11D0-8D11-00A0C91BC942}") = "dove_parser", "dove_parser\dove_parser.vcxproj", "{FCEA7355-EA5F-480D-AA26-BCF7C67EF70E}"
EndProject
Project("{8BC9CEB8-8B4A-11D0-8D11-00A0C91BC942}") = "dove_util", "util\util.vcxproj", "{34AF2870-3FDB-4F13-8D8A-C0A54609DA4D}"
EndProject
Global
	GlobalSection(SolutionConfigurationPlatforms) = preSolution
		Debug|Any CPU = Debug|Any CPU
		Debug|ARM = Debug|ARM
		Debug|Mixed Platforms = Debug|Mixed Platforms
		Debug|Win32 = Debug|Win32
		Debug|x64 = Debug|x64
		Release|Any CPU = Release|Any CPU
		Release|ARM = Release|ARM
		Release|Mixed Platforms = Release|Mixed Platforms
		Release|Win32 = Release|Win32
		Release|x64 = Release|x64
	EndGlobalSection
	GlobalSection(ProjectConfigurationPlatforms) = postSolution
		{9CCED3C2-09E8-4C07-B108-AF8068F1BCBB}.Debug|Any CPU.ActiveCfg = Debug|Win32
		{9CCED3C2-09E8-4C07-B108-AF8068F1BCBB}.Debug|ARM.ActiveCfg = Debug|Win32
		{9CCED3C2-09E8-4C07-B108-AF8068F1BCBB}.Debug|Mixed Platforms.ActiveCfg = Debug|Win32
		{9CCED3C2-09E8-4C07-B108-AF8068F1BCBB}.Debug|Mixed Platforms.Build.0 = Debug|Win32
		{9CCED3C2-09E8-4C07-B108-AF8068F1BCBB}.Debug|Win32.ActiveCfg = Debug|Win32
		{9CCED3C2-09E8-4C07-B108-AF8068F1BCBB}.Debug|Win32.Build.0 = Debug|Win32
		{9CCED3C2-09E8-4C07-B108-AF8068F1BCBB}.Debug|x64.ActiveCfg = Debug|Win32
		{9CCED3C2-09E8-4C07-B108-AF8068F1BCBB}.Release|Any CPU.ActiveCfg = Release|Win32
		{9CCED3C2-09E8-4C07-B108-AF8068F1BCBB}.Release|ARM.ActiveCfg = Release|Win32
		{9CCED3C2-09E8-4C07-B108-AF8068F1BCBB}.Release|Mixed Platforms.ActiveCfg = Release|Win32
		{9CCED3C2-09E8-4C07-B108-AF8068F1BCBB}.Release|Mixed Platforms.Build.0 = Release|Win32
		{9CCED3C2-09E8-4C07-B108-AF8068F1BCBB}.Release|Win32.ActiveCfg = Release|Win32
		{9CCED3C2-09E8-4C07-B108-AF8068F1BCBB}.Release|Win32.Build.0 = Release|Win32
		{9CCED3C2-09E8-4C07-B108-AF8068F1BCBB}.Release|x64.ActiveCfg = Release|Win32
		{AC224A42-864A-4D8A-A38D-0B75CC749805}.Debug|Any CPU.ActiveCfg = Debug|Any CPU
		{AC224A42-864A-4D8A-A38D-0B75CC749805}.Debug|Any CPU.Build.0 = Debug|Any CPU
		{AC224A42-864A-4D8A-A38D-0B75CC749805}.Debug|ARM.ActiveCfg = Debug|Any CPU
		{AC224A42-864A-4D8A-A38D-0B75CC749805}.Debug|Mixed Platforms.ActiveCfg = Debug|Any CPU
		{AC224A42-864A-4D8A-A38D-0B75CC749805}.Debug|Mixed Platforms.Build.0 = Debug|Any CPU
		{AC224A42-864A-4D8A-A38D-0B75CC749805}.Debug|Win32.ActiveCfg = Debug|Any CPU
		{AC224A42-864A-4D8A-A38D-0B75CC749805}.Debug|Win32.Build.0 = Debug|Any CPU
		{AC224A42-864A-4D8A-A38D-0B75CC749805}.Debug|x64.ActiveCfg = Debug|Any CPU
		{AC224A42-864A-4D8A-A38D-0B75CC749805}.Release|Any CPU.ActiveCfg = Debug|Any CPU
		{AC224A42-864A-4D8A-A38D-0B75CC749805}.Release|Any CPU.Build.0 = Debug|Any CPU
		{AC224A42-864A-4D8A-A38D-0B75CC749805}.Release|ARM.ActiveCfg = Debug|Any CPU
		{AC224A42-864A-4D8A-A38D-0B75CC749805}.Release|Mixed Platforms.ActiveCfg = Debug|Any CPU
		{AC224A42-864A-4D8A-A38D-0B75CC749805}.Release|Mixed Platforms.Build.0 = Debug|Any CPU
		{AC224A42-864A-4D8A-A38D-0B75CC749805}.Release|Win32.ActiveCfg = Debug|Any CPU
		{AC224A42-864A-4D8A-A38D-0B75CC749805}.Release|Win32.Build.0 = Debug|Any CPU
		{AC224A42-864A-4D8A-A38D-0B75CC749805}.Release|x64.ActiveCfg = Debug|Any CPU
		{52F0C339-619C-4316-BC10-E8B0F2AAC74F}.Debug|Any CPU.ActiveCfg = Debug|Win32
		{52F0C339-619C-4316-BC10-E8B0F2AAC74F}.Debug|ARM.ActiveCfg = Debug|Win32
		{52F0C339-619C-4316-BC10-E8B0F2AAC74F}.Debug|Mixed Platforms.ActiveCfg = Debug|Win32
		{52F0C339-619C-4316-BC10-E8B0F2AAC74F}.Debug|Mixed Platforms.Build.0 = Debug|Win32
		{52F0C339-619C-4316-BC10-E8B0F2AAC74F}.Debug|Win32.ActiveCfg = Debug|Win32
		{52F0C339-619C-4316-BC10-E8B0F2AAC74F}.Debug|Win32.Build.0 = Debug|Win32
		{52F0C339-619C-4316-BC10-E8B0F2AAC74F}.Debug|x64.ActiveCfg = Debug|Win32
		{52F0C339-619C-4316-BC10-E8B0F2AAC74F}.Release|Any CPU.ActiveCfg = Release|Win32
		{52F0C339-619C-4316-BC10-E8B0F2AAC74F}.Release|ARM.ActiveCfg = Release|Win32
		{52F0C339-619C-4316-BC10-E8B0F2AAC74F}.Release|Mixed Platforms.ActiveCfg = Release|Win32
		{52F0C339-619C-4316-BC10-E8B0F2AAC74F}.Release|Mixed Platforms.Build.0 = Release|Win32
		{52F0C339-619C-4316-BC10-E8B0F2AAC74F}.Release|Win32.ActiveCfg = Release|Win32
		{52F0C339-619C-4316-BC10-E8B0F2AAC74F}.Release|Win32.Build.0 = Release|Win32
		{52F0C339-619C-4316-BC10-E8B0F2AAC74F}.Release|x64.ActiveCfg = Release|Win32
		{1F3A3B17-69EF-4380-9787-A73434EA913A}.Debug|Any CPU.ActiveCfg = Debug|Win32
		{1F3A3B17-69EF-4380-9787-A73434EA913A}.Debug|ARM.ActiveCfg = Debug|Win32
		{1F3A3B17-69EF-4380-9787-A73434EA913A}.Debug|Mixed Platforms.ActiveCfg = Debug|Win32
		{1F3A3B17-69EF-4380-9787-A73434EA913A}.Debug|Mixed Platforms.Build.0 = Debug|Win32
		{1F3A3B17-69EF-4380-9787-A73434EA913A}.Debug|Win32.ActiveCfg = Debug|Win32
		{1F3A3B17-69EF-4380-9787-A73434EA913A}.Debug|Win32.Build.0 = Debug|Win32
		{1F3A3B17-69EF-4380-9787-A73434EA913A}.Debug|x64.ActiveCfg = Debug|Win32
		{1F3A3B17-69EF-4380-9787-A73434EA913A}.Release|Any CPU.ActiveCfg = Release|Win32
		{1F3A3B17-69EF-4380-9787-A73434EA913A}.Release|ARM.ActiveCfg = Release|Win32
		{1F3A3B17-69EF-4380-9787-A73434EA913A}.Release|Mixed Platforms.ActiveCfg = Release|Win32
		{1F3A3B17-69EF-4380-9787-A73434EA913A}.Release|Mixed Platforms.Build.0 = Release|Win32
		{1F3A3B17-69EF-4380-9787-A73434EA913A}.Release|Win32.ActiveCfg = Release|Win32
		{1F3A3B17-69EF-4380-9787-A73434EA913A}.Release|Win32.Build.0 = Release|Win32
		{1F3A3B17-69EF-4380-9787-A73434EA913A}.Release|x64.ActiveCfg = Release|Win32
		{E3A268C0-598C-49BF-95AB-02042AEC3C78}.Debug|Any CPU.ActiveCfg = Debug|Win32
		{E3A268C0-598C-49BF-95AB-02042AEC3C78}.Debug|ARM.ActiveCfg = Debug|Win32
		{E3A268C0-598C-49BF-95AB-02042AEC3C78}.Debug|Mixed Platforms.ActiveCfg = Debug|Win32
		{E3A268C0-598C-49BF-95AB-02042AEC3C78}.Debug|Mixed Platforms.Build.0 = Debug|Win32
		{E3A268C0-598C-49BF-95AB-02042AEC3C78}.Debug|Win32.ActiveCfg = Debug|Win32
		{E3A268C0-598C-49BF-95AB-02042AEC3C78}.Debug|Win32.Build.0 = Debug|Win32
		{E3A268C0-598C-49BF-95AB-02042AEC3C78}.Debug|x64.ActiveCfg = Debug|Win32
		{E3A268C0-598C-49BF-95AB-02042AEC3C78}.Release|Any CPU.ActiveCfg = Release|Win32
		{E3A268C0-598C-49BF-95AB-02042AEC3C78}.Release|ARM.ActiveCfg = Release|Win32
		{E3A268C0-598C-49BF-95AB-02042AEC3C78}.Release|Mixed Platforms.ActiveCfg = Release|Win32
		{E3A268C0-598C-49BF-95AB-02042AEC3C78}.Release|Mixed Platforms.Build.0 = Release|Win32
		{E3A268C0-598C-49BF-95AB-02042AEC3C78}.Release|Win32.ActiveCfg = Release|Win32
		{E3A268C0-598C-49BF-95AB-02042AEC3C78}.Release|Win32.Build.0 = Release|Win32
		{E3A268C0-598C-49BF-95AB-02042AEC3C78}.Release|x64.ActiveCfg = Release|Win32
		{FCEA7355-EA5F-480D-AA26-BCF7C67EF70E}.Debug|Any CPU.ActiveCfg = Debug|Win32
		{FCEA7355-EA5F-480D-AA26-BCF7C67EF70E}.Debug|ARM.ActiveCfg = Debug|Win32
		{FCEA7355-EA5F-480D-AA26-BCF7C67EF70E}.Debug|Mixed Platforms.ActiveCfg = Debug|Win32
		{FCEA7355-EA5F-480D-AA26-BCF7C67EF70E}.Debug|Mixed Platforms.Build.0 = Debug|Win32
		{FCEA7355-EA5F-480D-AA26-BCF7C67EF70E}.Debug|Win32.ActiveCfg = Debug|Win32
		{FCEA7355-EA5F-480D-AA26-BCF7C67EF70E}.Debug|Win32.Build.0 = Debug|Win32
		{FCEA7355-EA5F-480D-AA26-BCF7C67EF70E}.Debug|x64.ActiveCfg = Debug|Win32
		{FCEA7355-EA5F-480D-AA26-BCF7C67EF70E}.Release|Any CPU.ActiveCfg = Release|Win32
		{FCEA7355-EA5F-480D-AA26-BCF7C67EF70E}.Release|ARM.ActiveCfg = Release|Win32
		{FCEA7355-EA5F-480D-AA26-BCF7C67EF70E}.Release|Mixed Platforms.ActiveCfg = Release|Win32
		{FCEA7355-EA5F-480D-AA26-BCF7C67EF70E}.Release|Mixed Platforms.Build.0 = Release|Win32
		{FCEA7355-EA5F-480D-AA26-BCF7C67EF70E}.Release|Win32.ActiveCfg = Release|Win32
		{FCEA7355-EA5F-480D-AA26-BCF7C67EF70E}.Release|Win32.Build.0 = Release|Win32
		{FCEA7355-EA5F-480D-AA26-BCF7C67EF70E}.Release|x64.ActiveCfg = Release|Win32
		{34AF2870-3FDB-4F13-8D8A-C0A54609DA4D}.Debug|Any CPU.ActiveCfg = Debug|Win32
		{34AF2870-3FDB-4F13-8D8A-C0A54609DA4D}.Debug|ARM.ActiveCfg = Debug|Win32
		{34AF2870-3FDB-4F13-8D8A-C0A54609DA4D}.Debug|Mixed Platforms.ActiveCfg = Debug|Win32
		{34AF2870-3FDB-4F13-8D8A-C0A54609DA4D}.Debug|Mixed Platforms.Build.0 = Debug|Win32
		{34AF2870-3FDB-4F13-8D8A-C0A54609DA4D}.Debug|Win32.ActiveCfg = Debug|Win32
		{34AF2870-3FDB-4F13-8D8A-C0A54609DA4D}.Debug|Win32.Build.0 = Debug|Win32
		{34AF2870-3FDB-4F13-8D8A-C0A54609DA4D}.Debug|x64.ActiveCfg = Debug|Win32
		{34AF2870-3FDB-4F13-8D8A-C0A54609DA4D}.Release|Any CPU.ActiveCfg = Release|Win32
		{34AF2870-3FDB-4F13-8D8A-C0A54609DA4D}.Release|ARM.ActiveCfg = Release|Win32
		{34AF2870-3FDB-4F13-8D8A-C0A54609DA4D}.Release|Mixed Platforms.ActiveCfg = Release|Win32
		{34AF2870-3FDB-4F13-8D8A-C0A54609DA4D}.Release|Mixed Platforms.Build.0 = Release|Win32
		{34AF2870-3FDB-4F13-8D8A-C0A54609DA4D}.Release|Win32.ActiveCfg = Release|Win32
		{34AF2870-3FDB-4F13-8D8A-C0A54609DA4D}.Release|Win32.Build.0 = Release|Win32
		{34AF2870-3FDB-4F13-8D8A-C0A54609DA4D}.Release|x64.ActiveCfg = Release|Win32
	EndGlobalSection
	GlobalSection(SolutionProperties) = preSolution
		HideSolutionNode = FALSE
	EndGlobalSection
EndGlobal
